
Microsoft Visual Studio Solution File, Format Version 12.00
# Visual Studio Version 16
VisualStudioVersion = 16.6.30114.105
MinimumVisualStudioVersion = 10.0.40219.1
Project("{FAE04EC0-301F-11D3-BF4B-00C04F79EFBC}") = "API", "API\API.csproj", "{E9ADD35B-9DBD-4A56-A3DA-C5968C055447}"
EndProject
Project("{FAE04EC0-301F-11D3-BF4B-00C04F79EFBC}") = "Core", "Core\Core.csproj", "{B071DEF5-07B6-4AD8-BD9E-6A2A0090D513}"
EndProject
Project("{FAE04EC0-301F-11D3-BF4B-00C04F79EFBC}") = "Infrastructure", "Infrastructure\Infrastructure.csproj", "{DB6C01FB-431F-484A-975E-3840ED78078F}"
EndProject
Global
	GlobalSection(SolutionConfigurationPlatforms) = preSolution
		Debug|Any CPU = Debug|Any CPU
		Debug|x64 = Debug|x64
		Debug|x86 = Debug|x86
		Release|Any CPU = Release|Any CPU
		Release|x64 = Release|x64
		Release|x86 = Release|x86
	EndGlobalSection
	GlobalSection(SolutionProperties) = preSolution
		HideSolutionNode = FALSE
	EndGlobalSection
	GlobalSection(ProjectConfigurationPlatforms) = postSolution
		{E9ADD35B-9DBD-4A56-A3DA-C5968C055447}.Debug|Any CPU.ActiveCfg = Debug|Any CPU
		{E9ADD35B-9DBD-4A56-A3DA-C5968C055447}.Debug|Any CPU.Build.0 = Debug|Any CPU
		{E9ADD35B-9DBD-4A56-A3DA-C5968C055447}.Debug|x64.ActiveCfg = Debug|Any CPU
		{E9ADD35B-9DBD-4A56-A3DA-C5968C055447}.Debug|x64.Build.0 = Debug|Any CPU
		{E9ADD35B-9DBD-4A56-A3DA-C5968C055447}.Debug|x86.ActiveCfg = Debug|Any CPU
		{E9ADD35B-9DBD-4A56-A3DA-C5968C055447}.Debug|x86.Build.0 = Debug|Any CPU
		{E9ADD35B-9DBD-4A56-A3DA-C5968C055447}.Release|Any CPU.ActiveCfg = Release|Any CPU
		{E9ADD35B-9DBD-4A56-A3DA-C5968C055447}.Release|Any CPU.Build.0 = Release|Any CPU
		{E9ADD35B-9DBD-4A56-A3DA-C5968C055447}.Release|x64.ActiveCfg = Release|Any CPU
		{E9ADD35B-9DBD-4A56-A3DA-C5968C055447}.Release|x64.Build.0 = Release|Any CPU
		{E9ADD35B-9DBD-4A56-A3DA-C5968C055447}.Release|x86.ActiveCfg = Release|Any CPU
		{E9ADD35B-9DBD-4A56-A3DA-C5968C055447}.Release|x86.Build.0 = Release|Any CPU
		{B071DEF5-07B6-4AD8-BD9E-6A2A0090D513}.Debug|Any CPU.ActiveCfg = Debug|Any CPU
		{B071DEF5-07B6-4AD8-BD9E-6A2A0090D513}.Debug|Any CPU.Build.0 = Debug|Any CPU
		{B071DEF5-07B6-4AD8-BD9E-6A2A0090D513}.Debug|x64.ActiveCfg = Debug|Any CPU
		{B071DEF5-07B6-4AD8-BD9E-6A2A0090D513}.Debug|x64.Build.0 = Debug|Any CPU
		{B071DEF5-07B6-4AD8-BD9E-6A2A0090D513}.Debug|x86.ActiveCfg = Debug|Any CPU
		{B071DEF5-07B6-4AD8-BD9E-6A2A0090D513}.Debug|x86.Build.0 = Debug|Any CPU
		{B071DEF5-07B6-4AD8-BD9E-6A2A0090D513}.Release|Any CPU.ActiveCfg = Release|Any CPU
		{B071DEF5-07B6-4AD8-BD9E-6A2A0090D513}.Release|Any CPU.Build.0 = Release|Any CPU
		{B071DEF5-07B6-4AD8-BD9E-6A2A0090D513}.Release|x64.ActiveCfg = Release|Any CPU
		{B071DEF5-07B6-4AD8-BD9E-6A2A0090D513}.Release|x64.Build.0 = Release|Any CPU
		{B071DEF5-07B6-4AD8-BD9E-6A2A0090D513}.Release|x86.ActiveCfg = Release|Any CPU
		{B071DEF5-07B6-4AD8-BD9E-6A2A0090D513}.Release|x86.Build.0 = Release|Any CPU
		{DB6C01FB-431F-484A-975E-3840ED78078F}.Debug|Any CPU.ActiveCfg = Debug|Any CPU
		{DB6C01FB-431F-484A-975E-3840ED78078F}.Debug|Any CPU.Build.0 = Debug|Any CPU
		{DB6C01FB-431F-484A-975E-3840ED78078F}.Debug|x64.ActiveCfg = Debug|Any CPU
		{DB6C01FB-431F-484A-975E-3840ED78078F}.Debug|x64.Build.0 = Debug|Any CPU
		{DB6C01FB-431F-484A-975E-3840ED78078F}.Debug|x86.ActiveCfg = Debug|Any CPU
		{DB6C01FB-431F-484A-975E-3840ED78078F}.Debug|x86.Build.0 = Debug|Any CPU
		{DB6C01FB-431F-484A-975E-3840ED78078F}.Release|Any CPU.ActiveCfg = Release|Any CPU
		{DB6C01FB-431F-484A-975E-3840ED78078F}.Release|Any CPU.Build.0 = Release|Any CPU
		{DB6C01FB-431F-484A-975E-3840ED78078F}.Release|x64.ActiveCfg = Release|Any CPU
		{DB6C01FB-431F-484A-975E-3840ED78078F}.Release|x64.Build.0 = Release|Any CPU
		{DB6C01FB-431F-484A-975E-3840ED78078F}.Release|x86.ActiveCfg = Release|Any CPU
		{DB6C01FB-431F-484A-975E-3840ED78078F}.Release|x86.Build.0 = Release|Any CPU
	EndGlobalSection
EndGlobal
